
Microsoft Visual Studio Solution File, Format Version 12.00
# Visual Studio Version 16
VisualStudioVersion = 16.0.30114.105
MinimumVisualStudioVersion = 10.0.40219.1
Project("{FAE04EC0-301F-11D3-BF4B-00C04F79EFBC}") = "application", "Api.Application\application.csproj", "{A560D53F-C893-46BF-9883-4AE5EACCA326}"
EndProject
Project("{FAE04EC0-301F-11D3-BF4B-00C04F79EFBC}") = "Domain", "Api.Domain\Domain.csproj", "{3683F690-B020-4E36-BC87-D10D3C896472}"
EndProject
Project("{FAE04EC0-301F-11D3-BF4B-00C04F79EFBC}") = "CrossCutting", "Api.CrossCutting\CrossCutting.csproj", "{1B8E8A4B-7C6E-4EFA-8283-8FEC84CA2042}"
EndProject
Project("{FAE04EC0-301F-11D3-BF4B-00C04F79EFBC}") = "Data", "Api.Data\Data.csproj", "{C1DD1D99-70C1-46D6-9C3F-F60FDF93558C}"
EndProject
Project("{FAE04EC0-301F-11D3-BF4B-00C04F79EFBC}") = "Service", "Api.Service\Service.csproj", "{18748010-8D99-45F0-98A1-C934686A11F6}"
EndProject
Project("{FAE04EC0-301F-11D3-BF4B-00C04F79EFBC}") = "Api.Data.Test", "Api.Data.Test\Api.Data.Test.csproj", "{21BCE8D3-DC69-40BA-B2AF-647583570209}"
EndProject
Project("{FAE04EC0-301F-11D3-BF4B-00C04F79EFBC}") = "Api.Service.Test", "Api.Service.Test\Api.Service.Test.csproj", "{5CE54D59-EF0F-46F7-BA69-0C6D1B5C57B1}"
EndProject
Project("{FAE04EC0-301F-11D3-BF4B-00C04F79EFBC}") = "Api.Application.Test", "Api.Application.Test\Api.Application.Test.csproj", "{C03564FF-F49F-4466-8169-5BADAC88466C}"
EndProject
Global
	GlobalSection(SolutionConfigurationPlatforms) = preSolution
		Debug|Any CPU = Debug|Any CPU
		Debug|x64 = Debug|x64
		Debug|x86 = Debug|x86
		Release|Any CPU = Release|Any CPU
		Release|x64 = Release|x64
		Release|x86 = Release|x86
	EndGlobalSection
	GlobalSection(SolutionProperties) = preSolution
		HideSolutionNode = FALSE
	EndGlobalSection
	GlobalSection(ProjectConfigurationPlatforms) = postSolution
		{A560D53F-C893-46BF-9883-4AE5EACCA326}.Debug|Any CPU.ActiveCfg = Debug|Any CPU
		{A560D53F-C893-46BF-9883-4AE5EACCA326}.Debug|Any CPU.Build.0 = Debug|Any CPU
		{A560D53F-C893-46BF-9883-4AE5EACCA326}.Debug|x64.ActiveCfg = Debug|Any CPU
		{A560D53F-C893-46BF-9883-4AE5EACCA326}.Debug|x64.Build.0 = Debug|Any CPU
		{A560D53F-C893-46BF-9883-4AE5EACCA326}.Debug|x86.ActiveCfg = Debug|Any CPU
		{A560D53F-C893-46BF-9883-4AE5EACCA326}.Debug|x86.Build.0 = Debug|Any CPU
		{A560D53F-C893-46BF-9883-4AE5EACCA326}.Release|Any CPU.ActiveCfg = Release|Any CPU
		{A560D53F-C893-46BF-9883-4AE5EACCA326}.Release|Any CPU.Build.0 = Release|Any CPU
		{A560D53F-C893-46BF-9883-4AE5EACCA326}.Release|x64.ActiveCfg = Release|Any CPU
		{A560D53F-C893-46BF-9883-4AE5EACCA326}.Release|x64.Build.0 = Release|Any CPU
		{A560D53F-C893-46BF-9883-4AE5EACCA326}.Release|x86.ActiveCfg = Release|Any CPU
		{A560D53F-C893-46BF-9883-4AE5EACCA326}.Release|x86.Build.0 = Release|Any CPU
		{3683F690-B020-4E36-BC87-D10D3C896472}.Debug|Any CPU.ActiveCfg = Debug|Any CPU
		{3683F690-B020-4E36-BC87-D10D3C896472}.Debug|Any CPU.Build.0 = Debug|Any CPU
		{3683F690-B020-4E36-BC87-D10D3C896472}.Debug|x64.ActiveCfg = Debug|Any CPU
		{3683F690-B020-4E36-BC87-D10D3C896472}.Debug|x64.Build.0 = Debug|Any CPU
		{3683F690-B020-4E36-BC87-D10D3C896472}.Debug|x86.ActiveCfg = Debug|Any CPU
		{3683F690-B020-4E36-BC87-D10D3C896472}.Debug|x86.Build.0 = Debug|Any CPU
		{3683F690-B020-4E36-BC87-D10D3C896472}.Release|Any CPU.ActiveCfg = Release|Any CPU
		{3683F690-B020-4E36-BC87-D10D3C896472}.Release|Any CPU.Build.0 = Release|Any CPU
		{3683F690-B020-4E36-BC87-D10D3C896472}.Release|x64.ActiveCfg = Release|Any CPU
		{3683F690-B020-4E36-BC87-D10D3C896472}.Release|x64.Build.0 = Release|Any CPU
		{3683F690-B020-4E36-BC87-D10D3C896472}.Release|x86.ActiveCfg = Release|Any CPU
		{3683F690-B020-4E36-BC87-D10D3C896472}.Release|x86.Build.0 = Release|Any CPU
		{1B8E8A4B-7C6E-4EFA-8283-8FEC84CA2042}.Debug|Any CPU.ActiveCfg = Debug|Any CPU
		{1B8E8A4B-7C6E-4EFA-8283-8FEC84CA2042}.Debug|Any CPU.Build.0 = Debug|Any CPU
		{1B8E8A4B-7C6E-4EFA-8283-8FEC84CA2042}.Debug|x64.ActiveCfg = Debug|Any CPU
		{1B8E8A4B-7C6E-4EFA-8283-8FEC84CA2042}.Debug|x64.Build.0 = Debug|Any CPU
		{1B8E8A4B-7C6E-4EFA-8283-8FEC84CA2042}.Debug|x86.ActiveCfg = Debug|Any CPU
		{1B8E8A4B-7C6E-4EFA-8283-8FEC84CA2042}.Debug|x86.Build.0 = Debug|Any CPU
		{1B8E8A4B-7C6E-4EFA-8283-8FEC84CA2042}.Release|Any CPU.ActiveCfg = Release|Any CPU
		{1B8E8A4B-7C6E-4EFA-8283-8FEC84CA2042}.Release|Any CPU.Build.0 = Release|Any CPU
		{1B8E8A4B-7C6E-4EFA-8283-8FEC84CA2042}.Release|x64.ActiveCfg = Release|Any CPU
		{1B8E8A4B-7C6E-4EFA-8283-8FEC84CA2042}.Release|x64.Build.0 = Release|Any CPU
		{1B8E8A4B-7C6E-4EFA-8283-8FEC84CA2042}.Release|x86.ActiveCfg = Release|Any CPU
		{1B8E8A4B-7C6E-4EFA-8283-8FEC84CA2042}.Release|x86.Build.0 = Release|Any CPU
		{C1DD1D99-70C1-46D6-9C3F-F60FDF93558C}.Debug|Any CPU.ActiveCfg = Debug|Any CPU
		{C1DD1D99-70C1-46D6-9C3F-F60FDF93558C}.Debug|Any CPU.Build.0 = Debug|Any CPU
		{C1DD1D99-70C1-46D6-9C3F-F60FDF93558C}.Debug|x64.ActiveCfg = Debug|Any CPU
		{C1DD1D99-70C1-46D6-9C3F-F60FDF93558C}.Debug|x64.Build.0 = Debug|Any CPU
		{C1DD1D99-70C1-46D6-9C3F-F60FDF93558C}.Debug|x86.ActiveCfg = Debug|Any CPU
		{C1DD1D99-70C1-46D6-9C3F-F60FDF93558C}.Debug|x86.Build.0 = Debug|Any CPU
		{C1DD1D99-70C1-46D6-9C3F-F60FDF93558C}.Release|Any CPU.ActiveCfg = Release|Any CPU
		{C1DD1D99-70C1-46D6-9C3F-F60FDF93558C}.Release|Any CPU.Build.0 = Release|Any CPU
		{C1DD1D99-70C1-46D6-9C3F-F60FDF93558C}.Release|x64.ActiveCfg = Release|Any CPU
		{C1DD1D99-70C1-46D6-9C3F-F60FDF93558C}.Release|x64.Build.0 = Release|Any CPU
		{C1DD1D99-70C1-46D6-9C3F-F60FDF93558C}.Release|x86.ActiveCfg = Release|Any CPU
		{C1DD1D99-70C1-46D6-9C3F-F60FDF93558C}.Release|x86.Build.0 = Release|Any CPU
		{18748010-8D99-45F0-98A1-C934686A11F6}.Debug|Any CPU.ActiveCfg = Debug|Any CPU
		{18748010-8D99-45F0-98A1-C934686A11F6}.Debug|Any CPU.Build.0 = Debug|Any CPU
		{18748010-8D99-45F0-98A1-C934686A11F6}.Debug|x64.ActiveCfg = Debug|Any CPU
		{18748010-8D99-45F0-98A1-C934686A11F6}.Debug|x64.Build.0 = Debug|Any CPU
		{18748010-8D99-45F0-98A1-C934686A11F6}.Debug|x86.ActiveCfg = Debug|Any CPU
		{18748010-8D99-45F0-98A1-C934686A11F6}.Debug|x86.Build.0 = Debug|Any CPU
		{18748010-8D99-45F0-98A1-C934686A11F6}.Release|Any CPU.ActiveCfg = Release|Any CPU
		{18748010-8D99-45F0-98A1-C934686A11F6}.Release|Any CPU.Build.0 = Release|Any CPU
		{18748010-8D99-45F0-98A1-C934686A11F6}.Release|x64.ActiveCfg = Release|Any CPU
		{18748010-8D99-45F0-98A1-C934686A11F6}.Release|x64.Build.0 = Release|Any CPU
		{18748010-8D99-45F0-98A1-C934686A11F6}.Release|x86.ActiveCfg = Release|Any CPU
		{18748010-8D99-45F0-98A1-C934686A11F6}.Release|x86.Build.0 = Release|Any CPU
		{21BCE8D3-DC69-40BA-B2AF-647583570209}.Debug|Any CPU.ActiveCfg = Debug|Any CPU
		{21BCE8D3-DC69-40BA-B2AF-647583570209}.Debug|Any CPU.Build.0 = Debug|Any CPU
		{21BCE8D3-DC69-40BA-B2AF-647583570209}.Debug|x64.ActiveCfg = Debug|Any CPU
		{21BCE8D3-DC69-40BA-B2AF-647583570209}.Debug|x64.Build.0 = Debug|Any CPU
		{21BCE8D3-DC69-40BA-B2AF-647583570209}.Debug|x86.ActiveCfg = Debug|Any CPU
		{21BCE8D3-DC69-40BA-B2AF-647583570209}.Debug|x86.Build.0 = Debug|Any CPU
		{21BCE8D3-DC69-40BA-B2AF-647583570209}.Release|Any CPU.ActiveCfg = Release|Any CPU
		{21BCE8D3-DC69-40BA-B2AF-647583570209}.Release|Any CPU.Build.0 = Release|Any CPU
		{21BCE8D3-DC69-40BA-B2AF-647583570209}.Release|x64.ActiveCfg = Release|Any CPU
		{21BCE8D3-DC69-40BA-B2AF-647583570209}.Release|x64.Build.0 = Release|Any CPU
		{21BCE8D3-DC69-40BA-B2AF-647583570209}.Release|x86.ActiveCfg = Release|Any CPU
		{21BCE8D3-DC69-40BA-B2AF-647583570209}.Release|x86.Build.0 = Release|Any CPU
		{5CE54D59-EF0F-46F7-BA69-0C6D1B5C57B1}.Debug|Any CPU.ActiveCfg = Debug|Any CPU
		{5CE54D59-EF0F-46F7-BA69-0C6D1B5C57B1}.Debug|Any CPU.Build.0 = Debug|Any CPU
		{5CE54D59-EF0F-46F7-BA69-0C6D1B5C57B1}.Debug|x64.ActiveCfg = Debug|Any CPU
		{5CE54D59-EF0F-46F7-BA69-0C6D1B5C57B1}.Debug|x64.Build.0 = Debug|Any CPU
		{5CE54D59-EF0F-46F7-BA69-0C6D1B5C57B1}.Debug|x86.ActiveCfg = Debug|Any CPU
		{5CE54D59-EF0F-46F7-BA69-0C6D1B5C57B1}.Debug|x86.Build.0 = Debug|Any CPU
		{5CE54D59-EF0F-46F7-BA69-0C6D1B5C57B1}.Release|Any CPU.ActiveCfg = Release|Any CPU
		{5CE54D59-EF0F-46F7-BA69-0C6D1B5C57B1}.Release|Any CPU.Build.0 = Release|Any CPU
		{5CE54D59-EF0F-46F7-BA69-0C6D1B5C57B1}.Release|x64.ActiveCfg = Release|Any CPU
		{5CE54D59-EF0F-46F7-BA69-0C6D1B5C57B1}.Release|x64.Build.0 = Release|Any CPU
		{5CE54D59-EF0F-46F7-BA69-0C6D1B5C57B1}.Release|x86.ActiveCfg = Release|Any CPU
		{5CE54D59-EF0F-46F7-BA69-0C6D1B5C57B1}.Release|x86.Build.0 = Release|Any CPU
		{C03564FF-F49F-4466-8169-5BADAC88466C}.Debug|Any CPU.ActiveCfg = Debug|Any CPU
		{C03564FF-F49F-4466-8169-5BADAC88466C}.Debug|Any CPU.Build.0 = Debug|Any CPU
		{C03564FF-F49F-4466-8169-5BADAC88466C}.Debug|x64.ActiveCfg = Debug|Any CPU
		{C03564FF-F49F-4466-8169-5BADAC88466C}.Debug|x64.Build.0 = Debug|Any CPU
		{C03564FF-F49F-4466-8169-5BADAC88466C}.Debug|x86.ActiveCfg = Debug|Any CPU
		{C03564FF-F49F-4466-8169-5BADAC88466C}.Debug|x86.Build.0 = Debug|Any CPU
		{C03564FF-F49F-4466-8169-5BADAC88466C}.Release|Any CPU.ActiveCfg = Release|Any CPU
		{C03564FF-F49F-4466-8169-5BADAC88466C}.Release|Any CPU.Build.0 = Release|Any CPU
		{C03564FF-F49F-4466-8169-5BADAC88466C}.Release|x64.ActiveCfg = Release|Any CPU
		{C03564FF-F49F-4466-8169-5BADAC88466C}.Release|x64.Build.0 = Release|Any CPU
		{C03564FF-F49F-4466-8169-5BADAC88466C}.Release|x86.ActiveCfg = Release|Any CPU
		{C03564FF-F49F-4466-8169-5BADAC88466C}.Release|x86.Build.0 = Release|Any CPU
	EndGlobalSection
EndGlobal
